// !$*UTF8*$!
{
	archiveVersion = 1;
	classes = {
	};
	objectVersion = 46;
	objects = {

/* Begin PBXBuildFile section */
		9B48B0EDBD8644B78B9E5822 /* libPods-FHKit.a in Frameworks */ = {isa = PBXBuildFile; fileRef = 8D0EE37E9828C8A0D45655B7 /* libPods-FHKit.a */; };
		E02ACA5A1C571AB200E8C049 /* FHTool.m in Sources */ = {isa = PBXBuildFile; fileRef = E02ACA591C571AB200E8C049 /* FHTool.m */; };
		E02ACA5D1C571AEC00E8C049 /* FHTextView.m in Sources */ = {isa = PBXBuildFile; fileRef = E02ACA5C1C571AEC00E8C049 /* FHTextView.m */; };
		E02C97D61D83ADE7003E2810 /* NSURL+FHExtension.m in Sources */ = {isa = PBXBuildFile; fileRef = E02C97D51D83ADE7003E2810 /* NSURL+FHExtension.m */; };
		E02C97DF1D84039F003E2810 /* UIFont+FHExtension.m in Sources */ = {isa = PBXBuildFile; fileRef = E02C97DE1D84039F003E2810 /* UIFont+FHExtension.m */; };
		E04E40172000EBFD00EB0894 /* NSString+FHCat.m in Sources */ = {isa = PBXBuildFile; fileRef = E04E40162000EBFD00EB0894 /* NSString+FHCat.m */; };
		E04E401A2000F79400EB0894 /* NSData+FHCat.m in Sources */ = {isa = PBXBuildFile; fileRef = E04E40192000F79400EB0894 /* NSData+FHCat.m */; };
		E06498491CB36E1000152045 /* FHAlertController.m in Sources */ = {isa = PBXBuildFile; fileRef = E06498481CB36E1000152045 /* FHAlertController.m */; };
		E06612031D926B400090428B /* UIView+FHExtension.m in Sources */ = {isa = PBXBuildFile; fileRef = E06612021D926B400090428B /* UIView+FHExtension.m */; };
		E06BAF1F1D73D83D00903A1A /* FHDESOperator.m in Sources */ = {isa = PBXBuildFile; fileRef = E06BAF1E1D73D83D00903A1A /* FHDESOperator.m */; };
		E06BAF221D75666C00903A1A /* NSDictionary+FHExtension.m in Sources */ = {isa = PBXBuildFile; fileRef = E06BAF211D75666C00903A1A /* NSDictionary+FHExtension.m */; };
		E08502341FE51937002A30F7 /* FHThreadWatcher.m in Sources */ = {isa = PBXBuildFile; fileRef = E08502331FE51937002A30F7 /* FHThreadWatcher.m */; };
		E098D64E1C7303D4005CAB4E /* FHLblWithInfoBtn.m in Sources */ = {isa = PBXBuildFile; fileRef = E098D64D1C7303D4005CAB4E /* FHLblWithInfoBtn.m */; };
		E098D6551C741F35005CAB4E /* UIButton+FHExtension.m in Sources */ = {isa = PBXBuildFile; fileRef = E098D6541C741F35005CAB4E /* UIButton+FHExtension.m */; };
		E098D6571C7426B5005CAB4E /* Foundation+Log.m in Sources */ = {isa = PBXBuildFile; fileRef = E098D6561C7426B5005CAB4E /* Foundation+Log.m */; };
		E0A658F61FEE41E7004DADA6 /* BSBacktraceLogger.m in Sources */ = {isa = PBXBuildFile; fileRef = E0A658F51FEE41E7004DADA6 /* BSBacktraceLogger.m */; };
		E0ACB13A1FF5183C002582AB /* NSObject+FHCat.m in Sources */ = {isa = PBXBuildFile; fileRef = E0ACB1391FF5183C002582AB /* NSObject+FHCat.m */; };
		E0C9E8A51D810DBF00EDAC51 /* NSDate+FHExtension.m in Sources */ = {isa = PBXBuildFile; fileRef = E0C9E8A41D810DBF00EDAC51 /* NSDate+FHExtension.m */; };
		E0D4C0F01C337325008AD8B6 /* main.m in Sources */ = {isa = PBXBuildFile; fileRef = E0D4C0EF1C337325008AD8B6 /* main.m */; };
		E0D4C0F31C337325008AD8B6 /* AppDelegate.m in Sources */ = {isa = PBXBuildFile; fileRef = E0D4C0F21C337325008AD8B6 /* AppDelegate.m */; };
		E0D4C0F61C337325008AD8B6 /* ViewController.m in Sources */ = {isa = PBXBuildFile; fileRef = E0D4C0F51C337325008AD8B6 /* ViewController.m */; };
		E0D4C0F91C337325008AD8B6 /* Main.storyboard in Resources */ = {isa = PBXBuildFile; fileRef = E0D4C0F71C337325008AD8B6 /* Main.storyboard */; };
		E0D4C0FB1C337325008AD8B6 /* Assets.xcassets in Resources */ = {isa = PBXBuildFile; fileRef = E0D4C0FA1C337325008AD8B6 /* Assets.xcassets */; };
		E0D4C0FE1C337325008AD8B6 /* LaunchScreen.storyboard in Resources */ = {isa = PBXBuildFile; fileRef = E0D4C0FC1C337325008AD8B6 /* LaunchScreen.storyboard */; };
		E0D4C1091C337325008AD8B6 /* FHKitTests.m in Sources */ = {isa = PBXBuildFile; fileRef = E0D4C1081C337325008AD8B6 /* FHKitTests.m */; };
		E0D4C1141C337325008AD8B6 /* FHKitUITests.m in Sources */ = {isa = PBXBuildFile; fileRef = E0D4C1131C337325008AD8B6 /* FHKitUITests.m */; };
		E0F433931E2DF10700D93F7E /* UIImage+FHExtension.m in Sources */ = {isa = PBXBuildFile; fileRef = E0F433921E2DF10700D93F7E /* UIImage+FHExtension.m */; };
/* End PBXBuildFile section */

/* Begin PBXContainerItemProxy section */
		E0D4C1051C337325008AD8B6 /* PBXContainerItemProxy */ = {
			isa = PBXContainerItemProxy;
			containerPortal = E0D4C0E31C337324008AD8B6 /* Project object */;
			proxyType = 1;
			remoteGlobalIDString = E0D4C0EA1C337324008AD8B6;
			remoteInfo = FHKit;
		};
		E0D4C1101C337325008AD8B6 /* PBXContainerItemProxy */ = {
			isa = PBXContainerItemProxy;
			containerPortal = E0D4C0E31C337324008AD8B6 /* Project object */;
			proxyType = 1;
			remoteGlobalIDString = E0D4C0EA1C337324008AD8B6;
			remoteInfo = FHKit;
		};
/* End PBXContainerItemProxy section */

/* Begin PBXFileReference section */
		6FE6990C6626B34BF27552C3 /* libPods.a */ = {isa = PBXFileReference; explicitFileType = archive.ar; includeInIndex = 0; path = libPods.a; sourceTree = BUILT_PRODUCTS_DIR; };
		70E46E40AF9B67FA8A243108 /* Pods-FHKit.release.xcconfig */ = {isa = PBXFileReference; includeInIndex = 1; lastKnownFileType = text.xcconfig; name = "Pods-FHKit.release.xcconfig"; path = "Pods/Target Support Files/Pods-FHKit/Pods-FHKit.release.xcconfig"; sourceTree = "<group>"; };
		8D0EE37E9828C8A0D45655B7 /* libPods-FHKit.a */ = {isa = PBXFileReference; explicitFileType = archive.ar; includeInIndex = 0; path = "libPods-FHKit.a"; sourceTree = BUILT_PRODUCTS_DIR; };
		C6C1EA6F3DA548D10CEB3A9E /* Pods.debug.xcconfig */ = {isa = PBXFileReference; includeInIndex = 1; lastKnownFileType = text.xcconfig; name = Pods.debug.xcconfig; path = "Pods/Target Support Files/Pods/Pods.debug.xcconfig"; sourceTree = "<group>"; };
		E02ACA581C571AB200E8C049 /* FHTool.h */ = {isa = PBXFileReference; fileEncoding = 4; lastKnownFileType = sourcecode.c.h; path = FHTool.h; sourceTree = "<group>"; };
		E02ACA591C571AB200E8C049 /* FHTool.m */ = {isa = PBXFileReference; fileEncoding = 4; lastKnownFileType = sourcecode.c.objc; path = FHTool.m; sourceTree = "<group>"; };
		E02ACA5B1C571AEC00E8C049 /* FHTextView.h */ = {isa = PBXFileReference; fileEncoding = 4; lastKnownFileType = sourcecode.c.h; path = FHTextView.h; sourceTree = "<group>"; };
		E02ACA5C1C571AEC00E8C049 /* FHTextView.m */ = {isa = PBXFileReference; fileEncoding = 4; lastKnownFileType = sourcecode.c.objc; path = FHTextView.m; sourceTree = "<group>"; };
		E02C97D41D83ADE7003E2810 /* NSURL+FHExtension.h */ = {isa = PBXFileReference; fileEncoding = 4; lastKnownFileType = sourcecode.c.h; path = "NSURL+FHExtension.h"; sourceTree = "<group>"; };
		E02C97D51D83ADE7003E2810 /* NSURL+FHExtension.m */ = {isa = PBXFileReference; fileEncoding = 4; lastKnownFileType = sourcecode.c.objc; path = "NSURL+FHExtension.m"; sourceTree = "<group>"; };
		E02C97DD1D84039F003E2810 /* UIFont+FHExtension.h */ = {isa = PBXFileReference; fileEncoding = 4; lastKnownFileType = sourcecode.c.h; path = "UIFont+FHExtension.h"; sourceTree = "<group>"; };
		E02C97DE1D84039F003E2810 /* UIFont+FHExtension.m */ = {isa = PBXFileReference; fileEncoding = 4; lastKnownFileType = sourcecode.c.objc; path = "UIFont+FHExtension.m"; sourceTree = "<group>"; };
		E04E40152000EBFD00EB0894 /* NSString+FHCat.h */ = {isa = PBXFileReference; lastKnownFileType = sourcecode.c.h; path = "NSString+FHCat.h"; sourceTree = "<group>"; };
		E04E40162000EBFD00EB0894 /* NSString+FHCat.m */ = {isa = PBXFileReference; lastKnownFileType = sourcecode.c.objc; path = "NSString+FHCat.m"; sourceTree = "<group>"; };
		E04E40182000F79400EB0894 /* NSData+FHCat.h */ = {isa = PBXFileReference; lastKnownFileType = sourcecode.c.h; path = "NSData+FHCat.h"; sourceTree = "<group>"; };
		E04E40192000F79400EB0894 /* NSData+FHCat.m */ = {isa = PBXFileReference; lastKnownFileType = sourcecode.c.objc; path = "NSData+FHCat.m"; sourceTree = "<group>"; };
		E06498471CB36E1000152045 /* FHAlertController.h */ = {isa = PBXFileReference; fileEncoding = 4; lastKnownFileType = sourcecode.c.h; path = FHAlertController.h; sourceTree = "<group>"; };
		E06498481CB36E1000152045 /* FHAlertController.m */ = {isa = PBXFileReference; fileEncoding = 4; lastKnownFileType = sourcecode.c.objc; path = FHAlertController.m; sourceTree = "<group>"; };
		E06612011D926B400090428B /* UIView+FHExtension.h */ = {isa = PBXFileReference; fileEncoding = 4; lastKnownFileType = sourcecode.c.h; path = "UIView+FHExtension.h"; sourceTree = "<group>"; };
		E06612021D926B400090428B /* UIView+FHExtension.m */ = {isa = PBXFileReference; fileEncoding = 4; lastKnownFileType = sourcecode.c.objc; path = "UIView+FHExtension.m"; sourceTree = "<group>"; };
		E06BAF1D1D73D83D00903A1A /* FHDESOperator.h */ = {isa = PBXFileReference; fileEncoding = 4; lastKnownFileType = sourcecode.c.h; path = FHDESOperator.h; sourceTree = "<group>"; };
		E06BAF1E1D73D83D00903A1A /* FHDESOperator.m */ = {isa = PBXFileReference; fileEncoding = 4; lastKnownFileType = sourcecode.c.objc; path = FHDESOperator.m; sourceTree = "<group>"; };
		E06BAF201D75666C00903A1A /* NSDictionary+FHExtension.h */ = {isa = PBXFileReference; fileEncoding = 4; lastKnownFileType = sourcecode.c.h; path = "NSDictionary+FHExtension.h"; sourceTree = "<group>"; };
		E06BAF211D75666C00903A1A /* NSDictionary+FHExtension.m */ = {isa = PBXFileReference; fileEncoding = 4; lastKnownFileType = sourcecode.c.objc; path = "NSDictionary+FHExtension.m"; sourceTree = "<group>"; };
		E08502321FE51937002A30F7 /* FHThreadWatcher.h */ = {isa = PBXFileReference; lastKnownFileType = sourcecode.c.h; name = FHThreadWatcher.h; path = Tools/FHThreadWatcher.h; sourceTree = "<group>"; };
		E08502331FE51937002A30F7 /* FHThreadWatcher.m */ = {isa = PBXFileReference; lastKnownFileType = sourcecode.c.objc; name = FHThreadWatcher.m; path = Tools/FHThreadWatcher.m; sourceTree = "<group>"; };
		E098D64C1C7303D4005CAB4E /* FHLblWithInfoBtn.h */ = {isa = PBXFileReference; fileEncoding = 4; lastKnownFileType = sourcecode.c.h; path = FHLblWithInfoBtn.h; sourceTree = "<group>"; };
		E098D64D1C7303D4005CAB4E /* FHLblWithInfoBtn.m */ = {isa = PBXFileReference; fileEncoding = 4; lastKnownFileType = sourcecode.c.objc; path = FHLblWithInfoBtn.m; sourceTree = "<group>"; };
		E098D6531C741F35005CAB4E /* UIButton+FHExtension.h */ = {isa = PBXFileReference; fileEncoding = 4; lastKnownFileType = sourcecode.c.h; path = "UIButton+FHExtension.h"; sourceTree = "<group>"; };
		E098D6541C741F35005CAB4E /* UIButton+FHExtension.m */ = {isa = PBXFileReference; fileEncoding = 4; lastKnownFileType = sourcecode.c.objc; path = "UIButton+FHExtension.m"; sourceTree = "<group>"; };
		E098D6561C7426B5005CAB4E /* Foundation+Log.m */ = {isa = PBXFileReference; fileEncoding = 4; lastKnownFileType = sourcecode.c.objc; path = "Foundation+Log.m"; sourceTree = "<group>"; };
		E0A658F41FEE41E7004DADA6 /* BSBacktraceLogger.h */ = {isa = PBXFileReference; fileEncoding = 4; lastKnownFileType = sourcecode.c.h; name = BSBacktraceLogger.h; path = Tools/BSBacktraceLogger.h; sourceTree = "<group>"; };
		E0A658F51FEE41E7004DADA6 /* BSBacktraceLogger.m */ = {isa = PBXFileReference; fileEncoding = 4; lastKnownFileType = sourcecode.c.objc; name = BSBacktraceLogger.m; path = Tools/BSBacktraceLogger.m; sourceTree = "<group>"; };
		E0ACB1361FF514E5002582AB /* FHMarco.h */ = {isa = PBXFileReference; fileEncoding = 4; lastKnownFileType = sourcecode.c.h; path = FHMarco.h; sourceTree = "<group>"; };
		E0ACB1381FF5183C002582AB /* NSObject+FHCat.h */ = {isa = PBXFileReference; lastKnownFileType = sourcecode.c.h; path = "NSObject+FHCat.h"; sourceTree = "<group>"; };
		E0ACB1391FF5183C002582AB /* NSObject+FHCat.m */ = {isa = PBXFileReference; lastKnownFileType = sourcecode.c.objc; path = "NSObject+FHCat.m"; sourceTree = "<group>"; };
		E0C9E8A31D810DBF00EDAC51 /* NSDate+FHExtension.h */ = {isa = PBXFileReference; fileEncoding = 4; lastKnownFileType = sourcecode.c.h; path = "NSDate+FHExtension.h"; sourceTree = "<group>"; };
		E0C9E8A41D810DBF00EDAC51 /* NSDate+FHExtension.m */ = {isa = PBXFileReference; fileEncoding = 4; lastKnownFileType = sourcecode.c.objc; path = "NSDate+FHExtension.m"; sourceTree = "<group>"; };
		E0D4C0EB1C337324008AD8B6 /* FHKit.app */ = {isa = PBXFileReference; explicitFileType = wrapper.application; includeInIndex = 0; path = FHKit.app; sourceTree = BUILT_PRODUCTS_DIR; };
		E0D4C0EF1C337325008AD8B6 /* main.m */ = {isa = PBXFileReference; lastKnownFileType = sourcecode.c.objc; path = main.m; sourceTree = "<group>"; };
		E0D4C0F11C337325008AD8B6 /* AppDelegate.h */ = {isa = PBXFileReference; lastKnownFileType = sourcecode.c.h; path = AppDelegate.h; sourceTree = "<group>"; };
		E0D4C0F21C337325008AD8B6 /* AppDelegate.m */ = {isa = PBXFileReference; lastKnownFileType = sourcecode.c.objc; path = AppDelegate.m; sourceTree = "<group>"; };
		E0D4C0F41C337325008AD8B6 /* ViewController.h */ = {isa = PBXFileReference; lastKnownFileType = sourcecode.c.h; path = ViewController.h; sourceTree = "<group>"; };
		E0D4C0F51C337325008AD8B6 /* ViewController.m */ = {isa = PBXFileReference; lastKnownFileType = sourcecode.c.objc; path = ViewController.m; sourceTree = "<group>"; };
		E0D4C0F81C337325008AD8B6 /* Base */ = {isa = PBXFileReference; lastKnownFileType = file.storyboard; name = Base; path = Base.lproj/Main.storyboard; sourceTree = "<group>"; };
		E0D4C0FA1C337325008AD8B6 /* Assets.xcassets */ = {isa = PBXFileReference; lastKnownFileType = folder.assetcatalog; path = Assets.xcassets; sourceTree = "<group>"; };
		E0D4C0FD1C337325008AD8B6 /* Base */ = {isa = PBXFileReference; lastKnownFileType = file.storyboard; name = Base; path = Base.lproj/LaunchScreen.storyboard; sourceTree = "<group>"; };
		E0D4C0FF1C337325008AD8B6 /* Info.plist */ = {isa = PBXFileReference; lastKnownFileType = text.plist.xml; path = Info.plist; sourceTree = "<group>"; };
		E0D4C1041C337325008AD8B6 /* FHKitTests.xctest */ = {isa = PBXFileReference; explicitFileType = wrapper.cfbundle; includeInIndex = 0; path = FHKitTests.xctest; sourceTree = BUILT_PRODUCTS_DIR; };
		E0D4C1081C337325008AD8B6 /* FHKitTests.m */ = {isa = PBXFileReference; lastKnownFileType = sourcecode.c.objc; path = FHKitTests.m; sourceTree = "<group>"; };
		E0D4C10A1C337325008AD8B6 /* Info.plist */ = {isa = PBXFileReference; lastKnownFileType = text.plist.xml; path = Info.plist; sourceTree = "<group>"; };
		E0D4C10F1C337325008AD8B6 /* FHKitUITests.xctest */ = {isa = PBXFileReference; explicitFileType = wrapper.cfbundle; includeInIndex = 0; path = FHKitUITests.xctest; sourceTree = BUILT_PRODUCTS_DIR; };
		E0D4C1131C337325008AD8B6 /* FHKitUITests.m */ = {isa = PBXFileReference; lastKnownFileType = sourcecode.c.objc; path = FHKitUITests.m; sourceTree = "<group>"; };
		E0D4C1151C337325008AD8B6 /* Info.plist */ = {isa = PBXFileReference; lastKnownFileType = text.plist.xml; path = Info.plist; sourceTree = "<group>"; };
		E0F433911E2DF10700D93F7E /* UIImage+FHExtension.h */ = {isa = PBXFileReference; fileEncoding = 4; lastKnownFileType = sourcecode.c.h; path = "UIImage+FHExtension.h"; sourceTree = "<group>"; };
		E0F433921E2DF10700D93F7E /* UIImage+FHExtension.m */ = {isa = PBXFileReference; fileEncoding = 4; lastKnownFileType = sourcecode.c.objc; path = "UIImage+FHExtension.m"; sourceTree = "<group>"; };
		E4A22757F8893DAA4DC24010 /* Pods.release.xcconfig */ = {isa = PBXFileReference; includeInIndex = 1; lastKnownFileType = text.xcconfig; name = Pods.release.xcconfig; path = "Pods/Target Support Files/Pods/Pods.release.xcconfig"; sourceTree = "<group>"; };
		FE1FB063A2C7A219299FB2D1 /* Pods-FHKit.debug.xcconfig */ = {isa = PBXFileReference; includeInIndex = 1; lastKnownFileType = text.xcconfig; name = "Pods-FHKit.debug.xcconfig"; path = "Pods/Target Support Files/Pods-FHKit/Pods-FHKit.debug.xcconfig"; sourceTree = "<group>"; };
/* End PBXFileReference section */

/* Begin PBXFrameworksBuildPhase section */
		E0D4C0E81C337324008AD8B6 /* Frameworks */ = {
			isa = PBXFrameworksBuildPhase;
			buildActionMask = 2147483647;
			files = (
				9B48B0EDBD8644B78B9E5822 /* libPods-FHKit.a in Frameworks */,
			);
			runOnlyForDeploymentPostprocessing = 0;
		};
		E0D4C1011C337325008AD8B6 /* Frameworks */ = {
			isa = PBXFrameworksBuildPhase;
			buildActionMask = 2147483647;
			files = (
			);
			runOnlyForDeploymentPostprocessing = 0;
		};
		E0D4C10C1C337325008AD8B6 /* Frameworks */ = {
			isa = PBXFrameworksBuildPhase;
			buildActionMask = 2147483647;
			files = (
			);
			runOnlyForDeploymentPostprocessing = 0;
		};
/* End PBXFrameworksBuildPhase section */

/* Begin PBXGroup section */
		6FF1CAF17A5306D628A5A6D0 /* Frameworks */ = {
			isa = PBXGroup;
			children = (
				6FE6990C6626B34BF27552C3 /* libPods.a */,
				8D0EE37E9828C8A0D45655B7 /* libPods-FHKit.a */,
			);
			name = Frameworks;
			sourceTree = "<group>";
		};
		E06BAF1C1D73D7F000903A1A /* Encrypt */ = {
			isa = PBXGroup;
			children = (
				E06BAF1D1D73D83D00903A1A /* FHDESOperator.h */,
				E06BAF1E1D73D83D00903A1A /* FHDESOperator.m */,
			);
			name = Encrypt;
			sourceTree = "<group>";
		};
		E08502311FE518EF002A30F7 /* Tools */ = {
			isa = PBXGroup;
			children = (
				E0A658F31FEE41B6004DADA6 /* FHThreadWatcher */,
			);
			name = Tools;
			sourceTree = "<group>";
		};
		E098D64F1C74039F005CAB4E /* Widgets */ = {
			isa = PBXGroup;
			children = (
				E098D64C1C7303D4005CAB4E /* FHLblWithInfoBtn.h */,
				E098D64D1C7303D4005CAB4E /* FHLblWithInfoBtn.m */,
				E06498471CB36E1000152045 /* FHAlertController.h */,
				E06498481CB36E1000152045 /* FHAlertController.m */,
				E02ACA5B1C571AEC00E8C049 /* FHTextView.h */,
				E02ACA5C1C571AEC00E8C049 /* FHTextView.m */,
			);
			name = Widgets;
			sourceTree = "<group>";
		};
		E098D6501C740410005CAB4E /* Common */ = {
			isa = PBXGroup;
			children = (
				E02ACA581C571AB200E8C049 /* FHTool.h */,
				E02ACA591C571AB200E8C049 /* FHTool.m */,
				E098D6561C7426B5005CAB4E /* Foundation+Log.m */,
			);
			name = Common;
			sourceTree = "<group>";
		};
		E098D6511C740423005CAB4E /* Category */ = {
			isa = PBXGroup;
			children = (
				E0C9E8A71D810DF300EDAC51 /* UIKit */,
				E0C9E8A61D810DD600EDAC51 /* Foundation */,
			);
			name = Category;
			sourceTree = "<group>";
		};
		E0A658F31FEE41B6004DADA6 /* FHThreadWatcher */ = {
			isa = PBXGroup;
			children = (
				E0A658F41FEE41E7004DADA6 /* BSBacktraceLogger.h */,
				E0A658F51FEE41E7004DADA6 /* BSBacktraceLogger.m */,
				E08502321FE51937002A30F7 /* FHThreadWatcher.h */,
				E08502331FE51937002A30F7 /* FHThreadWatcher.m */,
			);
			name = FHThreadWatcher;
			sourceTree = "<group>";
		};
		E0ACB1351FF514BC002582AB /* Base */ = {
			isa = PBXGroup;
			children = (
				E0ACB1361FF514E5002582AB /* FHMarco.h */,
				E0ACB1371FF517F3002582AB /* Foundation */,
			);
			path = Base;
			sourceTree = "<group>";
		};
		E0ACB1371FF517F3002582AB /* Foundation */ = {
			isa = PBXGroup;
			children = (
				E0ACB1381FF5183C002582AB /* NSObject+FHCat.h */,
				E0ACB1391FF5183C002582AB /* NSObject+FHCat.m */,
				E04E40152000EBFD00EB0894 /* NSString+FHCat.h */,
				E04E40162000EBFD00EB0894 /* NSString+FHCat.m */,
				E04E40182000F79400EB0894 /* NSData+FHCat.h */,
				E04E40192000F79400EB0894 /* NSData+FHCat.m */,
			);
			path = Foundation;
			sourceTree = "<group>";
		};
		E0C9E8A61D810DD600EDAC51 /* Foundation */ = {
			isa = PBXGroup;
			children = (
				E0C9E8A31D810DBF00EDAC51 /* NSDate+FHExtension.h */,
				E0C9E8A41D810DBF00EDAC51 /* NSDate+FHExtension.m */,
				E02C97D41D83ADE7003E2810 /* NSURL+FHExtension.h */,
				E02C97D51D83ADE7003E2810 /* NSURL+FHExtension.m */,
				E06BAF201D75666C00903A1A /* NSDictionary+FHExtension.h */,
				E06BAF211D75666C00903A1A /* NSDictionary+FHExtension.m */,
			);
			name = Foundation;
			sourceTree = "<group>";
		};
		E0C9E8A71D810DF300EDAC51 /* UIKit */ = {
			isa = PBXGroup;
			children = (
				E098D6531C741F35005CAB4E /* UIButton+FHExtension.h */,
				E098D6541C741F35005CAB4E /* UIButton+FHExtension.m */,
				E0F433911E2DF10700D93F7E /* UIImage+FHExtension.h */,
				E0F433921E2DF10700D93F7E /* UIImage+FHExtension.m */,
				E02C97DD1D84039F003E2810 /* UIFont+FHExtension.h */,
				E02C97DE1D84039F003E2810 /* UIFont+FHExtension.m */,
				E06612011D926B400090428B /* UIView+FHExtension.h */,
				E06612021D926B400090428B /* UIView+FHExtension.m */,
			);
			name = UIKit;
			sourceTree = "<group>";
		};
		E0D4C0E21C337324008AD8B6 = {
			isa = PBXGroup;
			children = (
				E0D4C0ED1C337325008AD8B6 /* FHKit */,
				E0D4C1071C337325008AD8B6 /* FHKitTests */,
				E0D4C1121C337325008AD8B6 /* FHKitUITests */,
				E0D4C0EC1C337324008AD8B6 /* Products */,
				E7A02FF6EF67A16902C0B769 /* Pods */,
				6FF1CAF17A5306D628A5A6D0 /* Frameworks */,
			);
			sourceTree = "<group>";
		};
		E0D4C0EC1C337324008AD8B6 /* Products */ = {
			isa = PBXGroup;
			children = (
				E0D4C0EB1C337324008AD8B6 /* FHKit.app */,
				E0D4C1041C337325008AD8B6 /* FHKitTests.xctest */,
				E0D4C10F1C337325008AD8B6 /* FHKitUITests.xctest */,
			);
			name = Products;
			sourceTree = "<group>";
		};
		E0D4C0ED1C337325008AD8B6 /* FHKit */ = {
			isa = PBXGroup;
			children = (
				E0ACB1351FF514BC002582AB /* Base */,
				E08502311FE518EF002A30F7 /* Tools */,
				E06BAF1C1D73D7F000903A1A /* Encrypt */,
				E098D6501C740410005CAB4E /* Common */,
				E098D64F1C74039F005CAB4E /* Widgets */,
				E098D6511C740423005CAB4E /* Category */,
				E0D4C0F11C337325008AD8B6 /* AppDelegate.h */,
				E0D4C0F21C337325008AD8B6 /* AppDelegate.m */,
				E0D4C0F41C337325008AD8B6 /* ViewController.h */,
				E0D4C0F51C337325008AD8B6 /* ViewController.m */,
				E0D4C0F71C337325008AD8B6 /* Main.storyboard */,
				E0D4C0FA1C337325008AD8B6 /* Assets.xcassets */,
				E0D4C0FC1C337325008AD8B6 /* LaunchScreen.storyboard */,
				E0D4C0FF1C337325008AD8B6 /* Info.plist */,
				E0D4C0EE1C337325008AD8B6 /* Supporting Files */,
			);
			path = FHKit;
			sourceTree = "<group>";
		};
		E0D4C0EE1C337325008AD8B6 /* Supporting Files */ = {
			isa = PBXGroup;
			children = (
				E0D4C0EF1C337325008AD8B6 /* main.m */,
			);
			name = "Supporting Files";
			sourceTree = "<group>";
		};
		E0D4C1071C337325008AD8B6 /* FHKitTests */ = {
			isa = PBXGroup;
			children = (
				E0D4C1081C337325008AD8B6 /* FHKitTests.m */,
				E0D4C10A1C337325008AD8B6 /* Info.plist */,
			);
			path = FHKitTests;
			sourceTree = "<group>";
		};
		E0D4C1121C337325008AD8B6 /* FHKitUITests */ = {
			isa = PBXGroup;
			children = (
				E0D4C1131C337325008AD8B6 /* FHKitUITests.m */,
				E0D4C1151C337325008AD8B6 /* Info.plist */,
			);
			path = FHKitUITests;
			sourceTree = "<group>";
		};
		E7A02FF6EF67A16902C0B769 /* Pods */ = {
			isa = PBXGroup;
			children = (
				C6C1EA6F3DA548D10CEB3A9E /* Pods.debug.xcconfig */,
				E4A22757F8893DAA4DC24010 /* Pods.release.xcconfig */,
				FE1FB063A2C7A219299FB2D1 /* Pods-FHKit.debug.xcconfig */,
				70E46E40AF9B67FA8A243108 /* Pods-FHKit.release.xcconfig */,
			);
			name = Pods;
			sourceTree = "<group>";
		};
/* End PBXGroup section */

/* Begin PBXNativeTarget section */
		E0D4C0EA1C337324008AD8B6 /* FHKit */ = {
			isa = PBXNativeTarget;
			buildConfigurationList = E0D4C1181C337325008AD8B6 /* Build configuration list for PBXNativeTarget "FHKit" */;
			buildPhases = (
				4141FE5956F794332EA49409 /* [CP] Check Pods Manifest.lock */,
				E0D4C0E71C337324008AD8B6 /* Sources */,
				E0D4C0E81C337324008AD8B6 /* Frameworks */,
				E0D4C0E91C337324008AD8B6 /* Resources */,
				DBE0B64F5FC95860E665B004 /* [CP] Embed Pods Frameworks */,
				687D9C0674ABEEB424211D27 /* [CP] Copy Pods Resources */,
			);
			buildRules = (
			);
			dependencies = (
			);
			name = FHKit;
			productName = FHKit;
			productReference = E0D4C0EB1C337324008AD8B6 /* FHKit.app */;
			productType = "com.apple.product-type.application";
		};
		E0D4C1031C337325008AD8B6 /* FHKitTests */ = {
			isa = PBXNativeTarget;
			buildConfigurationList = E0D4C11B1C337325008AD8B6 /* Build configuration list for PBXNativeTarget "FHKitTests" */;
			buildPhases = (
				E0D4C1001C337325008AD8B6 /* Sources */,
				E0D4C1011C337325008AD8B6 /* Frameworks */,
				E0D4C1021C337325008AD8B6 /* Resources */,
			);
			buildRules = (
			);
			dependencies = (
				E0D4C1061C337325008AD8B6 /* PBXTargetDependency */,
			);
			name = FHKitTests;
			productName = FHKitTests;
			productReference = E0D4C1041C337325008AD8B6 /* FHKitTests.xctest */;
			productType = "com.apple.product-type.bundle.unit-test";
		};
		E0D4C10E1C337325008AD8B6 /* FHKitUITests */ = {
			isa = PBXNativeTarget;
			buildConfigurationList = E0D4C11E1C337325008AD8B6 /* Build configuration list for PBXNativeTarget "FHKitUITests" */;
			buildPhases = (
				E0D4C10B1C337325008AD8B6 /* Sources */,
				E0D4C10C1C337325008AD8B6 /* Frameworks */,
				E0D4C10D1C337325008AD8B6 /* Resources */,
			);
			buildRules = (
			);
			dependencies = (
				E0D4C1111C337325008AD8B6 /* PBXTargetDependency */,
			);
			name = FHKitUITests;
			productName = FHKitUITests;
			productReference = E0D4C10F1C337325008AD8B6 /* FHKitUITests.xctest */;
			productType = "com.apple.product-type.bundle.ui-testing";
		};
/* End PBXNativeTarget section */

/* Begin PBXProject section */
		E0D4C0E31C337324008AD8B6 /* Project object */ = {
			isa = PBXProject;
			attributes = {
				LastUpgradeCheck = 0720;
				ORGANIZATIONNAME = MADAO;
				TargetAttributes = {
					E0D4C0EA1C337324008AD8B6 = {
						CreatedOnToolsVersion = 7.2;
						DevelopmentTeam = H3MEX3W3VV;
					};
					E0D4C1031C337325008AD8B6 = {
						CreatedOnToolsVersion = 7.2;
						TestTargetID = E0D4C0EA1C337324008AD8B6;
					};
					E0D4C10E1C337325008AD8B6 = {
						CreatedOnToolsVersion = 7.2;
						TestTargetID = E0D4C0EA1C337324008AD8B6;
					};
				};
			};
			buildConfigurationList = E0D4C0E61C337324008AD8B6 /* Build configuration list for PBXProject "FHKit" */;
			compatibilityVersion = "Xcode 3.2";
			developmentRegion = English;
			hasScannedForEncodings = 0;
			knownRegions = (
				en,
				Base,
			);
			mainGroup = E0D4C0E21C337324008AD8B6;
			productRefGroup = E0D4C0EC1C337324008AD8B6 /* Products */;
			projectDirPath = "";
			projectRoot = "";
			targets = (
				E0D4C0EA1C337324008AD8B6 /* FHKit */,
				E0D4C1031C337325008AD8B6 /* FHKitTests */,
				E0D4C10E1C337325008AD8B6 /* FHKitUITests */,
			);
		};
/* End PBXProject section */

/* Begin PBXResourcesBuildPhase section */
		E0D4C0E91C337324008AD8B6 /* Resources */ = {
			isa = PBXResourcesBuildPhase;
			buildActionMask = 2147483647;
			files = (
				E0D4C0FE1C337325008AD8B6 /* LaunchScreen.storyboard in Resources */,
				E0D4C0FB1C337325008AD8B6 /* Assets.xcassets in Resources */,
				E0D4C0F91C337325008AD8B6 /* Main.storyboard in Resources */,
			);
			runOnlyForDeploymentPostprocessing = 0;
		};
		E0D4C1021C337325008AD8B6 /* Resources */ = {
			isa = PBXResourcesBuildPhase;
			buildActionMask = 2147483647;
			files = (
			);
			runOnlyForDeploymentPostprocessing = 0;
		};
		E0D4C10D1C337325008AD8B6 /* Resources */ = {
			isa = PBXResourcesBuildPhase;
			buildActionMask = 2147483647;
			files = (
			);
			runOnlyForDeploymentPostprocessing = 0;
		};
/* End PBXResourcesBuildPhase section */

/* Begin PBXShellScriptBuildPhase section */
		4141FE5956F794332EA49409 /* [CP] Check Pods Manifest.lock */ = {
			isa = PBXShellScriptBuildPhase;
			buildActionMask = 2147483647;
			files = (
			);
			inputPaths = (
			);
			name = "[CP] Check Pods Manifest.lock";
			outputPaths = (
			);
			runOnlyForDeploymentPostprocessing = 0;
			shellPath = /bin/sh;
			shellScript = "diff \"${PODS_ROOT}/../Podfile.lock\" \"${PODS_ROOT}/Manifest.lock\" > /dev/null\nif [ $? != 0 ] ; then\n    # print error to STDERR\n    echo \"error: The sandbox is not in sync with the Podfile.lock. Run 'pod install' or update your CocoaPods installation.\" >&2\n    exit 1\nfi\n";
			showEnvVarsInLog = 0;
		};
		687D9C0674ABEEB424211D27 /* [CP] Copy Pods Resources */ = {
			isa = PBXShellScriptBuildPhase;
			buildActionMask = 2147483647;
			files = (
			);
			inputPaths = (
			);
			name = "[CP] Copy Pods Resources";
			outputPaths = (
			);
			runOnlyForDeploymentPostprocessing = 0;
			shellPath = /bin/sh;
			shellScript = "\"${SRCROOT}/Pods/Target Support Files/Pods-FHKit/Pods-FHKit-resources.sh\"\n";
			showEnvVarsInLog = 0;
		};
		DBE0B64F5FC95860E665B004 /* [CP] Embed Pods Frameworks */ = {
			isa = PBXShellScriptBuildPhase;
			buildActionMask = 2147483647;
			files = (
			);
			inputPaths = (
			);
			name = "[CP] Embed Pods Frameworks";
			outputPaths = (
			);
			runOnlyForDeploymentPostprocessing = 0;
			shellPath = /bin/sh;
			shellScript = "\"${SRCROOT}/Pods/Target Support Files/Pods-FHKit/Pods-FHKit-frameworks.sh\"\n";
			showEnvVarsInLog = 0;
		};
/* End PBXShellScriptBuildPhase section */

/* Begin PBXSourcesBuildPhase section */
		E0D4C0E71C337324008AD8B6 /* Sources */ = {
			isa = PBXSourcesBuildPhase;
			buildActionMask = 2147483647;
			files = (
				E098D6551C741F35005CAB4E /* UIButton+FHExtension.m in Sources */,
				E02ACA5D1C571AEC00E8C049 /* FHTextView.m in Sources */,
				E098D64E1C7303D4005CAB4E /* FHLblWithInfoBtn.m in Sources */,
				E06498491CB36E1000152045 /* FHAlertController.m in Sources */,
				E04E40172000EBFD00EB0894 /* NSString+FHCat.m in Sources */,
				E0D4C0F61C337325008AD8B6 /* ViewController.m in Sources */,
				E02C97D61D83ADE7003E2810 /* NSURL+FHExtension.m in Sources */,
				E098D6571C7426B5005CAB4E /* Foundation+Log.m in Sources */,
				E0F433931E2DF10700D93F7E /* UIImage+FHExtension.m in Sources */,
				E04E401A2000F79400EB0894 /* NSData+FHCat.m in Sources */,
				E06BAF221D75666C00903A1A /* NSDictionary+FHExtension.m in Sources */,
				E0A658F61FEE41E7004DADA6 /* BSBacktraceLogger.m in Sources */,
				E0ACB13A1FF5183C002582AB /* NSObject+FHCat.m in Sources */,
				E0C9E8A51D810DBF00EDAC51 /* NSDate+FHExtension.m in Sources */,
				E02C97DF1D84039F003E2810 /* UIFont+FHExtension.m in Sources */,
				E0D4C0F31C337325008AD8B6 /* AppDelegate.m in Sources */,
				E06BAF1F1D73D83D00903A1A /* FHDESOperator.m in Sources */,
				E0D4C0F01C337325008AD8B6 /* main.m in Sources */,
				E06612031D926B400090428B /* UIView+FHExtension.m in Sources */,
				E02ACA5A1C571AB200E8C049 /* FHTool.m in Sources */,
				E08502341FE51937002A30F7 /* FHThreadWatcher.m in Sources */,
			);
			runOnlyForDeploymentPostprocessing = 0;
		};
		E0D4C1001C337325008AD8B6 /* Sources */ = {
			isa = PBXSourcesBuildPhase;
			buildActionMask = 2147483647;
			files = (
				E0D4C1091C337325008AD8B6 /* FHKitTests.m in Sources */,
			);
			runOnlyForDeploymentPostprocessing = 0;
		};
		E0D4C10B1C337325008AD8B6 /* Sources */ = {
			isa = PBXSourcesBuildPhase;
			buildActionMask = 2147483647;
			files = (
				E0D4C1141C337325008AD8B6 /* FHKitUITests.m in Sources */,
			);
			runOnlyForDeploymentPostprocessing = 0;
		};
/* End PBXSourcesBuildPhase section */

/* Begin PBXTargetDependency section */
		E0D4C1061C337325008AD8B6 /* PBXTargetDependency */ = {
			isa = PBXTargetDependency;
			target = E0D4C0EA1C337324008AD8B6 /* FHKit */;
			targetProxy = E0D4C1051C337325008AD8B6 /* PBXContainerItemProxy */;
		};
		E0D4C1111C337325008AD8B6 /* PBXTargetDependency */ = {
			isa = PBXTargetDependency;
			target = E0D4C0EA1C337324008AD8B6 /* FHKit */;
			targetProxy = E0D4C1101C337325008AD8B6 /* PBXContainerItemProxy */;
		};
/* End PBXTargetDependency section */

/* Begin PBXVariantGroup section */
		E0D4C0F71C337325008AD8B6 /* Main.storyboard */ = {
			isa = PBXVariantGroup;
			children = (
				E0D4C0F81C337325008AD8B6 /* Base */,
			);
			name = Main.storyboard;
			sourceTree = "<group>";
		};
		E0D4C0FC1C337325008AD8B6 /* LaunchScreen.storyboard */ = {
			isa = PBXVariantGroup;
			children = (
				E0D4C0FD1C337325008AD8B6 /* Base */,
			);
			name = LaunchScreen.storyboard;
			sourceTree = "<group>";
		};
/* End PBXVariantGroup section */

/* Begin XCBuildConfiguration section */
		E0D4C1161C337325008AD8B6 /* Debug */ = {
			isa = XCBuildConfiguration;
			buildSettings = {
				ALWAYS_SEARCH_USER_PATHS = NO;
				CLANG_CXX_LANGUAGE_STANDARD = "gnu++0x";
				CLANG_CXX_LIBRARY = "libc++";
				CLANG_ENABLE_MODULES = YES;
				CLANG_ENABLE_OBJC_ARC = YES;
				CLANG_WARN_BOOL_CONVERSION = YES;
				CLANG_WARN_CONSTANT_CONVERSION = YES;
				CLANG_WARN_DIRECT_OBJC_ISA_USAGE = YES_ERROR;
				CLANG_WARN_EMPTY_BODY = YES;
				CLANG_WARN_ENUM_CONVERSION = YES;
				CLANG_WARN_INT_CONVERSION = YES;
				CLANG_WARN_OBJC_ROOT_CLASS = YES_ERROR;
				CLANG_WARN_UNREACHABLE_CODE = YES;
				CLANG_WARN__DUPLICATE_METHOD_MATCH = YES;
				"CODE_SIGN_IDENTITY[sdk=iphoneos*]" = "iPhone Developer";
				COPY_PHASE_STRIP = NO;
				DEBUG_INFORMATION_FORMAT = dwarf;
				ENABLE_STRICT_OBJC_MSGSEND = YES;
				ENABLE_TESTABILITY = YES;
				GCC_C_LANGUAGE_STANDARD = gnu99;
				GCC_DYNAMIC_NO_PIC = NO;
				GCC_NO_COMMON_BLOCKS = YES;
				GCC_OPTIMIZATION_LEVEL = 0;
				GCC_PREPROCESSOR_DEFINITIONS = (
					"DEBUG=1",
					"$(inherited)",
				);
				GCC_WARN_64_TO_32_BIT_CONVERSION = YES;
				GCC_WARN_ABOUT_RETURN_TYPE = YES_ERROR;
				GCC_WARN_UNDECLARED_SELECTOR = YES;
				GCC_WARN_UNINITIALIZED_AUTOS = YES_AGGRESSIVE;
				GCC_WARN_UNUSED_FUNCTION = YES;
				GCC_WARN_UNUSED_VARIABLE = YES;
				IPHONEOS_DEPLOYMENT_TARGET = 9.2;
				MTL_ENABLE_DEBUG_INFO = YES;
				ONLY_ACTIVE_ARCH = YES;
				SDKROOT = iphoneos;
			};
			name = Debug;
		};
		E0D4C1171C337325008AD8B6 /* Release */ = {
			isa = XCBuildConfiguration;
			buildSettings = {
				ALWAYS_SEARCH_USER_PATHS = NO;
				CLANG_CXX_LANGUAGE_STANDARD = "gnu++0x";
				CLANG_CXX_LIBRARY = "libc++";
				CLANG_ENABLE_MODULES = YES;
				CLANG_ENABLE_OBJC_ARC = YES;
				CLANG_WARN_BOOL_CONVERSION = YES;
				CLANG_WARN_CONSTANT_CONVERSION = YES;
				CLANG_WARN_DIRECT_OBJC_ISA_USAGE = YES_ERROR;
				CLANG_WARN_EMPTY_BODY = YES;
				CLANG_WARN_ENUM_CONVERSION = YES;
				CLANG_WARN_INT_CONVERSION = YES;
				CLANG_WARN_OBJC_ROOT_CLASS = YES_ERROR;
				CLANG_WARN_UNREACHABLE_CODE = YES;
				CLANG_WARN__DUPLICATE_METHOD_MATCH = YES;
				"CODE_SIGN_IDENTITY[sdk=iphoneos*]" = "iPhone Developer";
				COPY_PHASE_STRIP = NO;
				DEBUG_INFORMATION_FORMAT = "dwarf-with-dsym";
				ENABLE_NS_ASSERTIONS = NO;
				ENABLE_STRICT_OBJC_MSGSEND = YES;
				GCC_C_LANGUAGE_STANDARD = gnu99;
				GCC_NO_COMMON_BLOCKS = YES;
				GCC_WARN_64_TO_32_BIT_CONVERSION = YES;
				GCC_WARN_ABOUT_RETURN_TYPE = YES_ERROR;
				GCC_WARN_UNDECLARED_SELECTOR = YES;
				GCC_WARN_UNINITIALIZED_AUTOS = YES_AGGRESSIVE;
				GCC_WARN_UNUSED_FUNCTION = YES;
				GCC_WARN_UNUSED_VARIABLE = YES;
				IPHONEOS_DEPLOYMENT_TARGET = 9.2;
				MTL_ENABLE_DEBUG_INFO = NO;
				SDKROOT = iphoneos;
				VALIDATE_PRODUCT = YES;
			};
			name = Release;
		};
		E0D4C1191C337325008AD8B6 /* Debug */ = {
			isa = XCBuildConfiguration;
			baseConfigurationReference = FE1FB063A2C7A219299FB2D1 /* Pods-FHKit.debug.xcconfig */;
			buildSettings = {
				ASSETCATALOG_COMPILER_APPICON_NAME = AppIcon;
				DEVELOPMENT_TEAM = H3MEX3W3VV;
				INFOPLIST_FILE = FHKit/Info.plist;
				IPHONEOS_DEPLOYMENT_TARGET = 7.1;
				LD_RUNPATH_SEARCH_PATHS = "$(inherited) @executable_path/Frameworks";
				PRODUCT_BUNDLE_IDENTIFIER = com.MADAO.FHKit;
				PRODUCT_NAME = "$(TARGET_NAME)";
			};
			name = Debug;
		};
		E0D4C11A1C337325008AD8B6 /* Release */ = {
			isa = XCBuildConfiguration;
			baseConfigurationReference = 70E46E40AF9B67FA8A243108 /* Pods-FHKit.release.xcconfig */;
			buildSettings = {
				ASSETCATALOG_COMPILER_APPICON_NAME = AppIcon;
				DEVELOPMENT_TEAM = H3MEX3W3VV;
				INFOPLIST_FILE = FHKit/Info.plist;
				IPHONEOS_DEPLOYMENT_TARGET = 7.1;
				LD_RUNPATH_SEARCH_PATHS = "$(inherited) @executable_path/Frameworks";
				PRODUCT_BUNDLE_IDENTIFIER = com.MADAO.FHKit;
				PRODUCT_NAME = "$(TARGET_NAME)";
			};
			name = Release;
		};
		E0D4C11C1C337325008AD8B6 /* Debug */ = {
			isa = XCBuildConfiguration;
			buildSettings = {
				BUNDLE_LOADER = "$(TEST_HOST)";
				INFOPLIST_FILE = FHKitTests/Info.plist;
				LD_RUNPATH_SEARCH_PATHS = "$(inherited) @executable_path/Frameworks @loader_path/Frameworks";
				PRODUCT_BUNDLE_IDENTIFIER = com.MADAO.FHKitTests;
				PRODUCT_NAME = "$(TARGET_NAME)";
				TEST_HOST = "$(BUILT_PRODUCTS_DIR)/FHKit.app/FHKit";
			};
			name = Debug;
		};
		E0D4C11D1C337325008AD8B6 /* Release */ = {
			isa = XCBuildConfiguration;
			buildSettings = {
				BUNDLE_LOADER = "$(TEST_HOST)";
				INFOPLIST_FILE = FHKitTests/Info.plist;
				LD_RUNPATH_SEARCH_PATHS = "$(inherited) @executable_path/Frameworks @loader_path/Frameworks";
				PRODUCT_BUNDLE_IDENTIFIER = com.MADAO.FHKitTests;
				PRODUCT_NAME = "$(TARGET_NAME)";
				TEST_HOST = "$(BUILT_PRODUCTS_DIR)/FHKit.app/FHKit";
			};
			name = Release;
		};
		E0D4C11F1C337325008AD8B6 /* Debug */ = {
			isa = XCBuildConfiguration;
			buildSettings = {
				INFOPLIST_FILE = FHKitUITests/Info.plist;
				LD_RUNPATH_SEARCH_PATHS = "$(inherited) @executable_path/Frameworks @loader_path/Frameworks";
				PRODUCT_BUNDLE_IDENTIFIER = com.MADAO.FHKitUITests;
				PRODUCT_NAME = "$(TARGET_NAME)";
				TEST_TARGET_NAME = FHKit;
				USES_XCTRUNNER = YES;
			};
			name = Debug;
		};
		E0D4C1201C337325008AD8B6 /* Release */ = {
			isa = XCBuildConfiguration;
			buildSettings = {
				INFOPLIST_FILE = FHKitUITests/Info.plist;
				LD_RUNPATH_SEARCH_PATHS = "$(inherited) @executable_path/Frameworks @loader_path/Frameworks";
				PRODUCT_BUNDLE_IDENTIFIER = com.MADAO.FHKitUITests;
				PRODUCT_NAME = "$(TARGET_NAME)";
				TEST_TARGET_NAME = FHKit;
				USES_XCTRUNNER = YES;
			};
			name = Release;
		};
/* End XCBuildConfiguration section */

/* Begin XCConfigurationList section */
		E0D4C0E61C337324008AD8B6 /* Build configuration list for PBXProject "FHKit" */ = {
			isa = XCConfigurationList;
			buildConfigurations = (
				E0D4C1161C337325008AD8B6 /* Debug */,
				E0D4C1171C337325008AD8B6 /* Release */,
			);
			defaultConfigurationIsVisible = 0;
			defaultConfigurationName = Release;
		};
		E0D4C1181C337325008AD8B6 /* Build configuration list for PBXNativeTarget "FHKit" */ = {
			isa = XCConfigurationList;
			buildConfigurations = (
				E0D4C1191C337325008AD8B6 /* Debug */,
				E0D4C11A1C337325008AD8B6 /* Release */,
			);
			defaultConfigurationIsVisible = 0;
			defaultConfigurationName = Release;
		};
		E0D4C11B1C337325008AD8B6 /* Build configuration list for PBXNativeTarget "FHKitTests" */ = {
			isa = XCConfigurationList;
			buildConfigurations = (
				E0D4C11C1C337325008AD8B6 /* Debug */,
				E0D4C11D1C337325008AD8B6 /* Release */,
			);
			defaultConfigurationIsVisible = 0;
			defaultConfigurationName = Release;
		};
		E0D4C11E1C337325008AD8B6 /* Build configuration list for PBXNativeTarget "FHKitUITests" */ = {
			isa = XCConfigurationList;
			buildConfigurations = (
				E0D4C11F1C337325008AD8B6 /* Debug */,
				E0D4C1201C337325008AD8B6 /* Release */,
			);
			defaultConfigurationIsVisible = 0;
			defaultConfigurationName = Release;
		};
/* End XCConfigurationList section */
	};
	rootObject = E0D4C0E31C337324008AD8B6 /* Project object */;
}
